
Microsoft Visual Studio Solution File, Format Version 12.00
# Visual Studio Version 16
VisualStudioVersion = 16.0.30907.101
MinimumVisualStudioVersion = 10.0.40219.1
Project("{9A19103F-16F7-4668-BE54-9A1E7A4F7556}") = "AspNetMvcDemo", "AspNetMvcDemo.csproj", "{53EBE01B-B025-42E1-AFED-A591E5C5AA6E}"
EndProject
Global
	GlobalSection(SolutionConfigurationPlatforms) = preSolution
		Debug|Any CPU = Debug|Any CPU
		Release|Any CPU = Release|Any CPU
	EndGlobalSection
	GlobalSection(ProjectConfigurationPlatforms) = postSolution
		{53EBE01B-B025-42E1-AFED-A591E5C5AA6E}.Debug|Any CPU.ActiveCfg = Debug|Any CPU
		{53EBE01B-B025-42E1-AFED-A591E5C5AA6E}.Debug|Any CPU.Build.0 = Debug|Any CPU
		{53EBE01B-B025-42E1-AFED-A591E5C5AA6E}.Release|Any CPU.ActiveCfg = Release|Any CPU
		{53EBE01B-B025-42E1-AFED-A591E5C5AA6E}.Release|Any CPU.Build.0 = Release|Any CPU
	EndGlobalSection
	GlobalSection(SolutionProperties) = preSolution
		HideSolutionNode = FALSE
	EndGlobalSection
	GlobalSection(ExtensibilityGlobals) = postSolution
		SolutionGuid = {B51A61E5-AAFC-4380-9AA2-0DE4B0DA98F6}
	EndGlobalSection
EndGlobal
